# THIS IS AN AUTOGENERATED FILE. DO NOT EDIT THIS FILE DIRECTLY.
# yarn lockfile v1


fs@^0.0.1-security:
  version "0.0.1-security"
  resolved "https://registry.yarnpkg.com/fs/-/fs-0.0.1-security.tgz#8a7bd37186b6dddf3813f23858b57ecaaf5e41d4"

webpage@^0.3.0:
  version "0.3.0"
  resolved "https://registry.yarnpkg.com/webpage/-/webpage-0.3.0.tgz#15c8c99e822b499e9981ae6876539b423448b8e7"
